
Microsoft Visual Studio Solution File, Format Version 12.00
# Visual Studio 15
VisualStudioVersion = 15.0.26730.12
MinimumVisualStudioVersion = 10.0.40219.1
Project("{D954291E-2A0B-460D-934E-DC6B0785DB48}") = "Ramboell", "Ramboell\Ramboell\Ramboell.shproj", "{F68D5BE8-2ABF-434E-A35F-ECB0AD6657C8}"
EndProject
Project("{FAE04EC0-301F-11D3-BF4B-00C04F79EFBC}") = "Ramboell.Android", "Ramboell\Ramboell.Android\Ramboell.Android.csproj", "{6AE2D7F1-04B9-40AF-A238-7893911D4E63}"
EndProject
Project("{FAE04EC0-301F-11D3-BF4B-00C04F79EFBC}") = "Ramboell.iOS", "Ramboell\Ramboell.iOS\Ramboell.iOS.csproj", "{7AC477F5-B603-4068-B8B0-1BB6ADE157A1}"
EndProject
Project("{FAE04EC0-301F-11D3-BF4B-00C04F79EFBC}") = "DBConnect", "DBConnect\DBConnect.csproj", "{2CC3B5FA-CB1D-48A1-BCF2-141230DFCE11}"
EndProject
Project("{FAE04EC0-301F-11D3-BF4B-00C04F79EFBC}") = "ClassLibrary2", "ClassLibrary2\ClassLibrary2.csproj", "{958847FA-ABB8-4CFB-9E4A-2C1FB7AFABEF}"
EndProject
Global
	GlobalSection(SharedMSBuildProjectFiles) = preSolution
		Ramboell\Ramboell\Ramboell.projitems*{6ae2d7f1-04b9-40af-a238-7893911d4e63}*SharedItemsImports = 4
		Ramboell\Ramboell\Ramboell.projitems*{7ac477f5-b603-4068-b8b0-1bb6ade157a1}*SharedItemsImports = 4
		Ramboell\Ramboell\Ramboell.projitems*{f68d5be8-2abf-434e-a35f-ecb0ad6657c8}*SharedItemsImports = 13
	EndGlobalSection
	GlobalSection(SolutionConfigurationPlatforms) = preSolution
		Ad-Hoc|Any CPU = Ad-Hoc|Any CPU
		Ad-Hoc|ARM = Ad-Hoc|ARM
		Ad-Hoc|iPhone = Ad-Hoc|iPhone
		Ad-Hoc|iPhoneSimulator = Ad-Hoc|iPhoneSimulator
		Ad-Hoc|x64 = Ad-Hoc|x64
		Ad-Hoc|x86 = Ad-Hoc|x86
		AppStore|Any CPU = AppStore|Any CPU
		AppStore|ARM = AppStore|ARM
		AppStore|iPhone = AppStore|iPhone
		AppStore|iPhoneSimulator = AppStore|iPhoneSimulator
		AppStore|x64 = AppStore|x64
		AppStore|x86 = AppStore|x86
		Debug|Any CPU = Debug|Any CPU
		Debug|ARM = Debug|ARM
		Debug|iPhone = Debug|iPhone
		Debug|iPhoneSimulator = Debug|iPhoneSimulator
		Debug|x64 = Debug|x64
		Debug|x86 = Debug|x86
		Release|Any CPU = Release|Any CPU
		Release|ARM = Release|ARM
		Release|iPhone = Release|iPhone
		Release|iPhoneSimulator = Release|iPhoneSimulator
		Release|x64 = Release|x64
		Release|x86 = Release|x86
	EndGlobalSection
	GlobalSection(ProjectConfigurationPlatforms) = postSolution
		{6AE2D7F1-04B9-40AF-A238-7893911D4E63}.Ad-Hoc|Any CPU.ActiveCfg = Release|Any CPU
		{6AE2D7F1-04B9-40AF-A238-7893911D4E63}.Ad-Hoc|Any CPU.Build.0 = Release|Any CPU
		{6AE2D7F1-04B9-40AF-A238-7893911D4E63}.Ad-Hoc|Any CPU.Deploy.0 = Release|Any CPU
		{6AE2D7F1-04B9-40AF-A238-7893911D4E63}.Ad-Hoc|ARM.ActiveCfg = Release|Any CPU
		{6AE2D7F1-04B9-40AF-A238-7893911D4E63}.Ad-Hoc|ARM.Build.0 = Release|Any CPU
		{6AE2D7F1-04B9-40AF-A238-7893911D4E63}.Ad-Hoc|ARM.Deploy.0 = Release|Any CPU
		{6AE2D7F1-04B9-40AF-A238-7893911D4E63}.Ad-Hoc|iPhone.ActiveCfg = Release|Any CPU
		{6AE2D7F1-04B9-40AF-A238-7893911D4E63}.Ad-Hoc|iPhone.Build.0 = Release|Any CPU
		{6AE2D7F1-04B9-40AF-A238-7893911D4E63}.Ad-Hoc|iPhone.Deploy.0 = Release|Any CPU
		{6AE2D7F1-04B9-40AF-A238-7893911D4E63}.Ad-Hoc|iPhoneSimulator.ActiveCfg = Release|Any CPU
		{6AE2D7F1-04B9-40AF-A238-7893911D4E63}.Ad-Hoc|iPhoneSimulator.Build.0 = Release|Any CPU
		{6AE2D7F1-04B9-40AF-A238-7893911D4E63}.Ad-Hoc|iPhoneSimulator.Deploy.0 = Release|Any CPU
		{6AE2D7F1-04B9-40AF-A238-7893911D4E63}.Ad-Hoc|x64.ActiveCfg = Release|Any CPU
		{6AE2D7F1-04B9-40AF-A238-7893911D4E63}.Ad-Hoc|x64.Build.0 = Release|Any CPU
		{6AE2D7F1-04B9-40AF-A238-7893911D4E63}.Ad-Hoc|x64.Deploy.0 = Release|Any CPU
		{6AE2D7F1-04B9-40AF-A238-7893911D4E63}.Ad-Hoc|x86.ActiveCfg = Release|Any CPU
		{6AE2D7F1-04B9-40AF-A238-7893911D4E63}.Ad-Hoc|x86.Build.0 = Release|Any CPU
		{6AE2D7F1-04B9-40AF-A238-7893911D4E63}.Ad-Hoc|x86.Deploy.0 = Release|Any CPU
		{6AE2D7F1-04B9-40AF-A238-7893911D4E63}.AppStore|Any CPU.ActiveCfg = Release|Any CPU
		{6AE2D7F1-04B9-40AF-A238-7893911D4E63}.AppStore|Any CPU.Build.0 = Release|Any CPU
		{6AE2D7F1-04B9-40AF-A238-7893911D4E63}.AppStore|Any CPU.Deploy.0 = Release|Any CPU
		{6AE2D7F1-04B9-40AF-A238-7893911D4E63}.AppStore|ARM.ActiveCfg = Release|Any CPU
		{6AE2D7F1-04B9-40AF-A238-7893911D4E63}.AppStore|ARM.Build.0 = Release|Any CPU
		{6AE2D7F1-04B9-40AF-A238-7893911D4E63}.AppStore|ARM.Deploy.0 = Release|Any CPU
		{6AE2D7F1-04B9-40AF-A238-7893911D4E63}.AppStore|iPhone.ActiveCfg = Release|Any CPU
		{6AE2D7F1-04B9-40AF-A238-7893911D4E63}.AppStore|iPhone.Build.0 = Release|Any CPU
		{6AE2D7F1-04B9-40AF-A238-7893911D4E63}.AppStore|iPhone.Deploy.0 = Release|Any CPU
		{6AE2D7F1-04B9-40AF-A238-7893911D4E63}.AppStore|iPhoneSimulator.ActiveCfg = Release|Any CPU
		{6AE2D7F1-04B9-40AF-A238-7893911D4E63}.AppStore|iPhoneSimulator.Build.0 = Release|Any CPU
		{6AE2D7F1-04B9-40AF-A238-7893911D4E63}.AppStore|iPhoneSimulator.Deploy.0 = Release|Any CPU
		{6AE2D7F1-04B9-40AF-A238-7893911D4E63}.AppStore|x64.ActiveCfg = Release|Any CPU
		{6AE2D7F1-04B9-40AF-A238-7893911D4E63}.AppStore|x64.Build.0 = Release|Any CPU
		{6AE2D7F1-04B9-40AF-A238-7893911D4E63}.AppStore|x64.Deploy.0 = Release|Any CPU
		{6AE2D7F1-04B9-40AF-A238-7893911D4E63}.AppStore|x86.ActiveCfg = Release|Any CPU
		{6AE2D7F1-04B9-40AF-A238-7893911D4E63}.AppStore|x86.Build.0 = Release|Any CPU
		{6AE2D7F1-04B9-40AF-A238-7893911D4E63}.AppStore|x86.Deploy.0 = Release|Any CPU
		{6AE2D7F1-04B9-40AF-A238-7893911D4E63}.Debug|Any CPU.ActiveCfg = Debug|Any CPU
		{6AE2D7F1-04B9-40AF-A238-7893911D4E63}.Debug|Any CPU.Build.0 = Debug|Any CPU
		{6AE2D7F1-04B9-40AF-A238-7893911D4E63}.Debug|Any CPU.Deploy.0 = Debug|Any CPU
		{6AE2D7F1-04B9-40AF-A238-7893911D4E63}.Debug|ARM.ActiveCfg = Debug|Any CPU
		{6AE2D7F1-04B9-40AF-A238-7893911D4E63}.Debug|ARM.Build.0 = Debug|Any CPU
		{6AE2D7F1-04B9-40AF-A238-7893911D4E63}.Debug|ARM.Deploy.0 = Debug|Any CPU
		{6AE2D7F1-04B9-40AF-A238-7893911D4E63}.Debug|iPhone.ActiveCfg = Debug|Any CPU
		{6AE2D7F1-04B9-40AF-A238-7893911D4E63}.Debug|iPhone.Build.0 = Debug|Any CPU
		{6AE2D7F1-04B9-40AF-A238-7893911D4E63}.Debug|iPhone.Deploy.0 = Debug|Any CPU
		{6AE2D7F1-04B9-40AF-A238-7893911D4E63}.Debug|iPhoneSimulator.ActiveCfg = Debug|Any CPU
		{6AE2D7F1-04B9-40AF-A238-7893911D4E63}.Debug|iPhoneSimulator.Build.0 = Debug|Any CPU
		{6AE2D7F1-04B9-40AF-A238-7893911D4E63}.Debug|iPhoneSimulator.Deploy.0 = Debug|Any CPU
		{6AE2D7F1-04B9-40AF-A238-7893911D4E63}.Debug|x64.ActiveCfg = Debug|Any CPU
		{6AE2D7F1-04B9-40AF-A238-7893911D4E63}.Debug|x64.Build.0 = Debug|Any CPU
		{6AE2D7F1-04B9-40AF-A238-7893911D4E63}.Debug|x64.Deploy.0 = Debug|Any CPU
		{6AE2D7F1-04B9-40AF-A238-7893911D4E63}.Debug|x86.ActiveCfg = Debug|Any CPU
		{6AE2D7F1-04B9-40AF-A238-7893911D4E63}.Debug|x86.Build.0 = Debug|Any CPU
		{6AE2D7F1-04B9-40AF-A238-7893911D4E63}.Debug|x86.Deploy.0 = Debug|Any CPU
		{6AE2D7F1-04B9-40AF-A238-7893911D4E63}.Release|Any CPU.ActiveCfg = Release|Any CPU
		{6AE2D7F1-04B9-40AF-A238-7893911D4E63}.Release|Any CPU.Build.0 = Release|Any CPU
		{6AE2D7F1-04B9-40AF-A238-7893911D4E63}.Release|Any CPU.Deploy.0 = Release|Any CPU
		{6AE2D7F1-04B9-40AF-A238-7893911D4E63}.Release|ARM.ActiveCfg = Release|Any CPU
		{6AE2D7F1-04B9-40AF-A238-7893911D4E63}.Release|ARM.Build.0 = Release|Any CPU
		{6AE2D7F1-04B9-40AF-A238-7893911D4E63}.Release|ARM.Deploy.0 = Release|Any CPU
		{6AE2D7F1-04B9-40AF-A238-7893911D4E63}.Release|iPhone.ActiveCfg = Release|Any CPU
		{6AE2D7F1-04B9-40AF-A238-7893911D4E63}.Release|iPhone.Build.0 = Release|Any CPU
		{6AE2D7F1-04B9-40AF-A238-7893911D4E63}.Release|iPhone.Deploy.0 = Release|Any CPU
		{6AE2D7F1-04B9-40AF-A238-7893911D4E63}.Release|iPhoneSimulator.ActiveCfg = Release|Any CPU
		{6AE2D7F1-04B9-40AF-A238-7893911D4E63}.Release|iPhoneSimulator.Build.0 = Release|Any CPU
		{6AE2D7F1-04B9-40AF-A238-7893911D4E63}.Release|iPhoneSimulator.Deploy.0 = Release|Any CPU
		{6AE2D7F1-04B9-40AF-A238-7893911D4E63}.Release|x64.ActiveCfg = Release|Any CPU
		{6AE2D7F1-04B9-40AF-A238-7893911D4E63}.Release|x64.Build.0 = Release|Any CPU
		{6AE2D7F1-04B9-40AF-A238-7893911D4E63}.Release|x64.Deploy.0 = Release|Any CPU
		{6AE2D7F1-04B9-40AF-A238-7893911D4E63}.Release|x86.ActiveCfg = Release|Any CPU
		{6AE2D7F1-04B9-40AF-A238-7893911D4E63}.Release|x86.Build.0 = Release|Any CPU
		{6AE2D7F1-04B9-40AF-A238-7893911D4E63}.Release|x86.Deploy.0 = Release|Any CPU
		{7AC477F5-B603-4068-B8B0-1BB6ADE157A1}.Ad-Hoc|Any CPU.ActiveCfg = Ad-Hoc|iPhone
		{7AC477F5-B603-4068-B8B0-1BB6ADE157A1}.Ad-Hoc|ARM.ActiveCfg = Ad-Hoc|iPhone
		{7AC477F5-B603-4068-B8B0-1BB6ADE157A1}.Ad-Hoc|iPhone.ActiveCfg = Ad-Hoc|iPhone
		{7AC477F5-B603-4068-B8B0-1BB6ADE157A1}.Ad-Hoc|iPhone.Build.0 = Ad-Hoc|iPhone
		{7AC477F5-B603-4068-B8B0-1BB6ADE157A1}.Ad-Hoc|iPhoneSimulator.ActiveCfg = Ad-Hoc|iPhoneSimulator
		{7AC477F5-B603-4068-B8B0-1BB6ADE157A1}.Ad-Hoc|iPhoneSimulator.Build.0 = Ad-Hoc|iPhoneSimulator
		{7AC477F5-B603-4068-B8B0-1BB6ADE157A1}.Ad-Hoc|x64.ActiveCfg = Ad-Hoc|iPhone
		{7AC477F5-B603-4068-B8B0-1BB6ADE157A1}.Ad-Hoc|x86.ActiveCfg = Ad-Hoc|iPhone
		{7AC477F5-B603-4068-B8B0-1BB6ADE157A1}.AppStore|Any CPU.ActiveCfg = AppStore|iPhone
		{7AC477F5-B603-4068-B8B0-1BB6ADE157A1}.AppStore|ARM.ActiveCfg = AppStore|iPhone
		{7AC477F5-B603-4068-B8B0-1BB6ADE157A1}.AppStore|iPhone.ActiveCfg = AppStore|iPhone
		{7AC477F5-B603-4068-B8B0-1BB6ADE157A1}.AppStore|iPhone.Build.0 = AppStore|iPhone
		{7AC477F5-B603-4068-B8B0-1BB6ADE157A1}.AppStore|iPhoneSimulator.ActiveCfg = AppStore|iPhoneSimulator
		{7AC477F5-B603-4068-B8B0-1BB6ADE157A1}.AppStore|iPhoneSimulator.Build.0 = AppStore|iPhoneSimulator
		{7AC477F5-B603-4068-B8B0-1BB6ADE157A1}.AppStore|x64.ActiveCfg = AppStore|iPhone
		{7AC477F5-B603-4068-B8B0-1BB6ADE157A1}.AppStore|x86.ActiveCfg = AppStore|iPhone
		{7AC477F5-B603-4068-B8B0-1BB6ADE157A1}.Debug|Any CPU.ActiveCfg = Debug|iPhone
		{7AC477F5-B603-4068-B8B0-1BB6ADE157A1}.Debug|ARM.ActiveCfg = Debug|iPhone
		{7AC477F5-B603-4068-B8B0-1BB6ADE157A1}.Debug|iPhone.ActiveCfg = Debug|iPhone
		{7AC477F5-B603-4068-B8B0-1BB6ADE157A1}.Debug|iPhone.Build.0 = Debug|iPhone
		{7AC477F5-B603-4068-B8B0-1BB6ADE157A1}.Debug|iPhoneSimulator.ActiveCfg = Debug|iPhoneSimulator
		{7AC477F5-B603-4068-B8B0-1BB6ADE157A1}.Debug|iPhoneSimulator.Build.0 = Debug|iPhoneSimulator
		{7AC477F5-B603-4068-B8B0-1BB6ADE157A1}.Debug|x64.ActiveCfg = Debug|iPhone
		{7AC477F5-B603-4068-B8B0-1BB6ADE157A1}.Debug|x86.ActiveCfg = Debug|iPhone
		{7AC477F5-B603-4068-B8B0-1BB6ADE157A1}.Release|Any CPU.ActiveCfg = Release|iPhone
		{7AC477F5-B603-4068-B8B0-1BB6ADE157A1}.Release|ARM.ActiveCfg = Release|iPhone
		{7AC477F5-B603-4068-B8B0-1BB6ADE157A1}.Release|iPhone.ActiveCfg = Release|iPhone
		{7AC477F5-B603-4068-B8B0-1BB6ADE157A1}.Release|iPhone.Build.0 = Release|iPhone
		{7AC477F5-B603-4068-B8B0-1BB6ADE157A1}.Release|iPhoneSimulator.ActiveCfg = Release|iPhoneSimulator
		{7AC477F5-B603-4068-B8B0-1BB6ADE157A1}.Release|iPhoneSimulator.Build.0 = Release|iPhoneSimulator
		{7AC477F5-B603-4068-B8B0-1BB6ADE157A1}.Release|x64.ActiveCfg = Release|iPhone
		{7AC477F5-B603-4068-B8B0-1BB6ADE157A1}.Release|x86.ActiveCfg = Release|iPhone
		{2CC3B5FA-CB1D-48A1-BCF2-141230DFCE11}.Ad-Hoc|Any CPU.ActiveCfg = Release|Any CPU
		{2CC3B5FA-CB1D-48A1-BCF2-141230DFCE11}.Ad-Hoc|Any CPU.Build.0 = Release|Any CPU
		{2CC3B5FA-CB1D-48A1-BCF2-141230DFCE11}.Ad-Hoc|ARM.ActiveCfg = Release|Any CPU
		{2CC3B5FA-CB1D-48A1-BCF2-141230DFCE11}.Ad-Hoc|ARM.Build.0 = Release|Any CPU
		{2CC3B5FA-CB1D-48A1-BCF2-141230DFCE11}.Ad-Hoc|iPhone.ActiveCfg = Release|Any CPU
		{2CC3B5FA-CB1D-48A1-BCF2-141230DFCE11}.Ad-Hoc|iPhone.Build.0 = Release|Any CPU
		{2CC3B5FA-CB1D-48A1-BCF2-141230DFCE11}.Ad-Hoc|iPhoneSimulator.ActiveCfg = Release|Any CPU
		{2CC3B5FA-CB1D-48A1-BCF2-141230DFCE11}.Ad-Hoc|iPhoneSimulator.Build.0 = Release|Any CPU
		{2CC3B5FA-CB1D-48A1-BCF2-141230DFCE11}.Ad-Hoc|x64.ActiveCfg = Release|Any CPU
		{2CC3B5FA-CB1D-48A1-BCF2-141230DFCE11}.Ad-Hoc|x64.Build.0 = Release|Any CPU
		{2CC3B5FA-CB1D-48A1-BCF2-141230DFCE11}.Ad-Hoc|x86.ActiveCfg = Release|Any CPU
		{2CC3B5FA-CB1D-48A1-BCF2-141230DFCE11}.Ad-Hoc|x86.Build.0 = Release|Any CPU
		{2CC3B5FA-CB1D-48A1-BCF2-141230DFCE11}.AppStore|Any CPU.ActiveCfg = Release|Any CPU
		{2CC3B5FA-CB1D-48A1-BCF2-141230DFCE11}.AppStore|Any CPU.Build.0 = Release|Any CPU
		{2CC3B5FA-CB1D-48A1-BCF2-141230DFCE11}.AppStore|ARM.ActiveCfg = Release|Any CPU
		{2CC3B5FA-CB1D-48A1-BCF2-141230DFCE11}.AppStore|ARM.Build.0 = Release|Any CPU
		{2CC3B5FA-CB1D-48A1-BCF2-141230DFCE11}.AppStore|iPhone.ActiveCfg = Release|Any CPU
		{2CC3B5FA-CB1D-48A1-BCF2-141230DFCE11}.AppStore|iPhone.Build.0 = Release|Any CPU
		{2CC3B5FA-CB1D-48A1-BCF2-141230DFCE11}.AppStore|iPhoneSimulator.ActiveCfg = Release|Any CPU
		{2CC3B5FA-CB1D-48A1-BCF2-141230DFCE11}.AppStore|iPhoneSimulator.Build.0 = Release|Any CPU
		{2CC3B5FA-CB1D-48A1-BCF2-141230DFCE11}.AppStore|x64.ActiveCfg = Release|Any CPU
		{2CC3B5FA-CB1D-48A1-BCF2-141230DFCE11}.AppStore|x64.Build.0 = Release|Any CPU
		{2CC3B5FA-CB1D-48A1-BCF2-141230DFCE11}.AppStore|x86.ActiveCfg = Release|Any CPU
		{2CC3B5FA-CB1D-48A1-BCF2-141230DFCE11}.AppStore|x86.Build.0 = Release|Any CPU
		{2CC3B5FA-CB1D-48A1-BCF2-141230DFCE11}.Debug|Any CPU.ActiveCfg = Debug|Any CPU
		{2CC3B5FA-CB1D-48A1-BCF2-141230DFCE11}.Debug|Any CPU.Build.0 = Debug|Any CPU
		{2CC3B5FA-CB1D-48A1-BCF2-141230DFCE11}.Debug|ARM.ActiveCfg = Debug|Any CPU
		{2CC3B5FA-CB1D-48A1-BCF2-141230DFCE11}.Debug|ARM.Build.0 = Debug|Any CPU
		{2CC3B5FA-CB1D-48A1-BCF2-141230DFCE11}.Debug|iPhone.ActiveCfg = Debug|Any CPU
		{2CC3B5FA-CB1D-48A1-BCF2-141230DFCE11}.Debug|iPhone.Build.0 = Debug|Any CPU
		{2CC3B5FA-CB1D-48A1-BCF2-141230DFCE11}.Debug|iPhoneSimulator.ActiveCfg = Debug|Any CPU
		{2CC3B5FA-CB1D-48A1-BCF2-141230DFCE11}.Debug|iPhoneSimulator.Build.0 = Debug|Any CPU
		{2CC3B5FA-CB1D-48A1-BCF2-141230DFCE11}.Debug|x64.ActiveCfg = Debug|Any CPU
		{2CC3B5FA-CB1D-48A1-BCF2-141230DFCE11}.Debug|x64.Build.0 = Debug|Any CPU
		{2CC3B5FA-CB1D-48A1-BCF2-141230DFCE11}.Debug|x86.ActiveCfg = Debug|Any CPU
		{2CC3B5FA-CB1D-48A1-BCF2-141230DFCE11}.Debug|x86.Build.0 = Debug|Any CPU
		{2CC3B5FA-CB1D-48A1-BCF2-141230DFCE11}.Release|Any CPU.ActiveCfg = Release|Any CPU
		{2CC3B5FA-CB1D-48A1-BCF2-141230DFCE11}.Release|Any CPU.Build.0 = Release|Any CPU
		{2CC3B5FA-CB1D-48A1-BCF2-141230DFCE11}.Release|ARM.ActiveCfg = Release|Any CPU
		{2CC3B5FA-CB1D-48A1-BCF2-141230DFCE11}.Release|ARM.Build.0 = Release|Any CPU
		{2CC3B5FA-CB1D-48A1-BCF2-141230DFCE11}.Release|iPhone.ActiveCfg = Release|Any CPU
		{2CC3B5FA-CB1D-48A1-BCF2-141230DFCE11}.Release|iPhone.Build.0 = Release|Any CPU
		{2CC3B5FA-CB1D-48A1-BCF2-141230DFCE11}.Release|iPhoneSimulator.ActiveCfg = Release|Any CPU
		{2CC3B5FA-CB1D-48A1-BCF2-141230DFCE11}.Release|iPhoneSimulator.Build.0 = Release|Any CPU
		{2CC3B5FA-CB1D-48A1-BCF2-141230DFCE11}.Release|x64.ActiveCfg = Release|Any CPU
		{2CC3B5FA-CB1D-48A1-BCF2-141230DFCE11}.Release|x64.Build.0 = Release|Any CPU
		{2CC3B5FA-CB1D-48A1-BCF2-141230DFCE11}.Release|x86.ActiveCfg = Release|Any CPU
		{2CC3B5FA-CB1D-48A1-BCF2-141230DFCE11}.Release|x86.Build.0 = Release|Any CPU
		{958847FA-ABB8-4CFB-9E4A-2C1FB7AFABEF}.Ad-Hoc|Any CPU.ActiveCfg = Release|Any CPU
		{958847FA-ABB8-4CFB-9E4A-2C1FB7AFABEF}.Ad-Hoc|Any CPU.Build.0 = Release|Any CPU
		{958847FA-ABB8-4CFB-9E4A-2C1FB7AFABEF}.Ad-Hoc|ARM.ActiveCfg = Release|Any CPU
		{958847FA-ABB8-4CFB-9E4A-2C1FB7AFABEF}.Ad-Hoc|ARM.Build.0 = Release|Any CPU
		{958847FA-ABB8-4CFB-9E4A-2C1FB7AFABEF}.Ad-Hoc|iPhone.ActiveCfg = Release|Any CPU
		{958847FA-ABB8-4CFB-9E4A-2C1FB7AFABEF}.Ad-Hoc|iPhone.Build.0 = Release|Any CPU
		{958847FA-ABB8-4CFB-9E4A-2C1FB7AFABEF}.Ad-Hoc|iPhoneSimulator.ActiveCfg = Release|Any CPU
		{958847FA-ABB8-4CFB-9E4A-2C1FB7AFABEF}.Ad-Hoc|iPhoneSimulator.Build.0 = Release|Any CPU
		{958847FA-ABB8-4CFB-9E4A-2C1FB7AFABEF}.Ad-Hoc|x64.ActiveCfg = Release|Any CPU
		{958847FA-ABB8-4CFB-9E4A-2C1FB7AFABEF}.Ad-Hoc|x64.Build.0 = Release|Any CPU
		{958847FA-ABB8-4CFB-9E4A-2C1FB7AFABEF}.Ad-Hoc|x86.ActiveCfg = Release|Any CPU
		{958847FA-ABB8-4CFB-9E4A-2C1FB7AFABEF}.Ad-Hoc|x86.Build.0 = Release|Any CPU
		{958847FA-ABB8-4CFB-9E4A-2C1FB7AFABEF}.AppStore|Any CPU.ActiveCfg = Release|Any CPU
		{958847FA-ABB8-4CFB-9E4A-2C1FB7AFABEF}.AppStore|Any CPU.Build.0 = Release|Any CPU
		{958847FA-ABB8-4CFB-9E4A-2C1FB7AFABEF}.AppStore|ARM.ActiveCfg = Release|Any CPU
		{958847FA-ABB8-4CFB-9E4A-2C1FB7AFABEF}.AppStore|ARM.Build.0 = Release|Any CPU
		{958847FA-ABB8-4CFB-9E4A-2C1FB7AFABEF}.AppStore|iPhone.ActiveCfg = Release|Any CPU
		{958847FA-ABB8-4CFB-9E4A-2C1FB7AFABEF}.AppStore|iPhone.Build.0 = Release|Any CPU
		{958847FA-ABB8-4CFB-9E4A-2C1FB7AFABEF}.AppStore|iPhoneSimulator.ActiveCfg = Release|Any CPU
		{958847FA-ABB8-4CFB-9E4A-2C1FB7AFABEF}.AppStore|iPhoneSimulator.Build.0 = Release|Any CPU
		{958847FA-ABB8-4CFB-9E4A-2C1FB7AFABEF}.AppStore|x64.ActiveCfg = Release|Any CPU
		{958847FA-ABB8-4CFB-9E4A-2C1FB7AFABEF}.AppStore|x64.Build.0 = Release|Any CPU
		{958847FA-ABB8-4CFB-9E4A-2C1FB7AFABEF}.AppStore|x86.ActiveCfg = Release|Any CPU
		{958847FA-ABB8-4CFB-9E4A-2C1FB7AFABEF}.AppStore|x86.Build.0 = Release|Any CPU
		{958847FA-ABB8-4CFB-9E4A-2C1FB7AFABEF}.Debug|Any CPU.ActiveCfg = Debug|Any CPU
		{958847FA-ABB8-4CFB-9E4A-2C1FB7AFABEF}.Debug|Any CPU.Build.0 = Debug|Any CPU
		{958847FA-ABB8-4CFB-9E4A-2C1FB7AFABEF}.Debug|ARM.ActiveCfg = Debug|Any CPU
		{958847FA-ABB8-4CFB-9E4A-2C1FB7AFABEF}.Debug|ARM.Build.0 = Debug|Any CPU
		{958847FA-ABB8-4CFB-9E4A-2C1FB7AFABEF}.Debug|iPhone.ActiveCfg = Debug|Any CPU
		{958847FA-ABB8-4CFB-9E4A-2C1FB7AFABEF}.Debug|iPhone.Build.0 = Debug|Any CPU
		{958847FA-ABB8-4CFB-9E4A-2C1FB7AFABEF}.Debug|iPhoneSimulator.ActiveCfg = Debug|Any CPU
		{958847FA-ABB8-4CFB-9E4A-2C1FB7AFABEF}.Debug|iPhoneSimulator.Build.0 = Debug|Any CPU
		{958847FA-ABB8-4CFB-9E4A-2C1FB7AFABEF}.Debug|x64.ActiveCfg = Debug|Any CPU
		{958847FA-ABB8-4CFB-9E4A-2C1FB7AFABEF}.Debug|x64.Build.0 = Debug|Any CPU
		{958847FA-ABB8-4CFB-9E4A-2C1FB7AFABEF}.Debug|x86.ActiveCfg = Debug|Any CPU
		{958847FA-ABB8-4CFB-9E4A-2C1FB7AFABEF}.Debug|x86.Build.0 = Debug|Any CPU
		{958847FA-ABB8-4CFB-9E4A-2C1FB7AFABEF}.Release|Any CPU.ActiveCfg = Release|Any CPU
		{958847FA-ABB8-4CFB-9E4A-2C1FB7AFABEF}.Release|Any CPU.Build.0 = Release|Any CPU
		{958847FA-ABB8-4CFB-9E4A-2C1FB7AFABEF}.Release|ARM.ActiveCfg = Release|Any CPU
		{958847FA-ABB8-4CFB-9E4A-2C1FB7AFABEF}.Release|ARM.Build.0 = Release|Any CPU
		{958847FA-ABB8-4CFB-9E4A-2C1FB7AFABEF}.Release|iPhone.ActiveCfg = Release|Any CPU
		{958847FA-ABB8-4CFB-9E4A-2C1FB7AFABEF}.Release|iPhone.Build.0 = Release|Any CPU
		{958847FA-ABB8-4CFB-9E4A-2C1FB7AFABEF}.Release|iPhoneSimulator.ActiveCfg = Release|Any CPU
		{958847FA-ABB8-4CFB-9E4A-2C1FB7AFABEF}.Release|iPhoneSimulator.Build.0 = Release|Any CPU
		{958847FA-ABB8-4CFB-9E4A-2C1FB7AFABEF}.Release|x64.ActiveCfg = Release|Any CPU
		{958847FA-ABB8-4CFB-9E4A-2C1FB7AFABEF}.Release|x64.Build.0 = Release|Any CPU
		{958847FA-ABB8-4CFB-9E4A-2C1FB7AFABEF}.Release|x86.ActiveCfg = Release|Any CPU
		{958847FA-ABB8-4CFB-9E4A-2C1FB7AFABEF}.Release|x86.Build.0 = Release|Any CPU
	EndGlobalSection
	GlobalSection(SolutionProperties) = preSolution
		HideSolutionNode = FALSE
	EndGlobalSection
	GlobalSection(ExtensibilityGlobals) = postSolution
		SolutionGuid = {95C5D174-553D-48DB-AAA9-C0F3A138355A}
	EndGlobalSection
EndGlobal
